
Microsoft Visual Studio Solution File, Format Version 12.00
# Visual Studio 15
VisualStudioVersion = 15.0.27130.2036
MinimumVisualStudioVersion = 10.0.40219.1
Project("{FAE04EC0-301F-11D3-BF4B-00C04F79EFBC}") = "XmlIO", "XmlIO\XmlIO.csproj", "{213668BA-0E72-4173-BFCF-11D3ACDD199D}"
EndProject
Global
	GlobalSection(SolutionConfigurationPlatforms) = preSolution
		Debug|Any CPU = Debug|Any CPU
		Release|Any CPU = Release|Any CPU
	EndGlobalSection
	GlobalSection(ProjectConfigurationPlatforms) = postSolution
		{213668BA-0E72-4173-BFCF-11D3ACDD199D}.Debug|Any CPU.ActiveCfg = Debug|Any CPU
		{213668BA-0E72-4173-BFCF-11D3ACDD199D}.Debug|Any CPU.Build.0 = Debug|Any CPU
		{213668BA-0E72-4173-BFCF-11D3ACDD199D}.Release|Any CPU.ActiveCfg = Release|Any CPU
		{213668BA-0E72-4173-BFCF-11D3ACDD199D}.Release|Any CPU.Build.0 = Release|Any CPU
	EndGlobalSection
	GlobalSection(SolutionProperties) = preSolution
		HideSolutionNode = FALSE
	EndGlobalSection
	GlobalSection(ExtensibilityGlobals) = postSolution
		SolutionGuid = {5188FB9A-6BCF-4F42-83B7-023819087853}
	EndGlobalSection
EndGlobal
